
Microsoft Visual Studio Solution File, Format Version 12.00
# Visual Studio Version 17
VisualStudioVersion = 17.5.33516.290
MinimumVisualStudioVersion = 10.0.40219.1
Project("{FAE04EC0-301F-11D3-BF4B-00C04F79EFBC}") = "ApiZoo", "ApiZoo\ApiZoo.csproj", "{2F36A3BE-A5D2-4FB6-A54B-D5906F1D6BC6}"
EndProject
Project("{FAE04EC0-301F-11D3-BF4B-00C04F79EFBC}") = "FrontZoo", "FrontZoo\FrontZoo.csproj", "{DB7929CD-BACB-48B0-9CCC-276059D8C9B3}"
EndProject
Project("{FAE04EC0-301F-11D3-BF4B-00C04F79EFBC}") = "ZooLibrary", "ZooLibrary\ZooLibrary.csproj", "{98C9A48F-C51F-42E0-8640-8596FAC0BFD8}"
EndProject
Global
	GlobalSection(SolutionConfigurationPlatforms) = preSolution
		Debug|Any CPU = Debug|Any CPU
		Release|Any CPU = Release|Any CPU
	EndGlobalSection
	GlobalSection(ProjectConfigurationPlatforms) = postSolution
		{2F36A3BE-A5D2-4FB6-A54B-D5906F1D6BC6}.Debug|Any CPU.ActiveCfg = Debug|Any CPU
		{2F36A3BE-A5D2-4FB6-A54B-D5906F1D6BC6}.Debug|Any CPU.Build.0 = Debug|Any CPU
		{2F36A3BE-A5D2-4FB6-A54B-D5906F1D6BC6}.Release|Any CPU.ActiveCfg = Release|Any CPU
		{2F36A3BE-A5D2-4FB6-A54B-D5906F1D6BC6}.Release|Any CPU.Build.0 = Release|Any CPU
		{DB7929CD-BACB-48B0-9CCC-276059D8C9B3}.Debug|Any CPU.ActiveCfg = Debug|Any CPU
		{DB7929CD-BACB-48B0-9CCC-276059D8C9B3}.Debug|Any CPU.Build.0 = Debug|Any CPU
		{DB7929CD-BACB-48B0-9CCC-276059D8C9B3}.Release|Any CPU.ActiveCfg = Release|Any CPU
		{DB7929CD-BACB-48B0-9CCC-276059D8C9B3}.Release|Any CPU.Build.0 = Release|Any CPU
		{98C9A48F-C51F-42E0-8640-8596FAC0BFD8}.Debug|Any CPU.ActiveCfg = Debug|Any CPU
		{98C9A48F-C51F-42E0-8640-8596FAC0BFD8}.Debug|Any CPU.Build.0 = Debug|Any CPU
		{98C9A48F-C51F-42E0-8640-8596FAC0BFD8}.Release|Any CPU.ActiveCfg = Release|Any CPU
		{98C9A48F-C51F-42E0-8640-8596FAC0BFD8}.Release|Any CPU.Build.0 = Release|Any CPU
	EndGlobalSection
	GlobalSection(SolutionProperties) = preSolution
		HideSolutionNode = FALSE
	EndGlobalSection
	GlobalSection(ExtensibilityGlobals) = postSolution
		SolutionGuid = {4B422A06-694E-40B3-B7C5-65A658EB059C}
	EndGlobalSection
EndGlobal
